{
  "name": "@examples/boilerplate",
  "version": "1.0.0",
  "lockfileVersion": 1,
  "requires": true,
  "dependencies": {
    "ahooks": {
      "version": "3.3.0",
      "requires": {
        "@types/js-cookie": "^2.x.x",
        "ahooks-v3-count": "^1.0.0",
        "dayjs": "^1.9.1",
        "intersection-observer": "^0.12.0",
        "js-cookie": "^2.x.x",
        "lodash": "^4.17.21",
        "resize-observer-polyfill": "^1.5.1",
        "screenfull": "^5.0.0"
      },
      "dependencies": {
        "@types/js-cookie": {
          "version": "2.2.7",
          "resolved": "https://registry.npmjs.org/@types/js-cookie/-/js-cookie-2.2.7.tgz",
          "integrity": "sha512-aLkWa0C0vO5b4Sr798E26QgOkss68Un0bLjs7u9qxzPT5CG+8DuNTffWES58YzJs3hrVAOs1wonycqEBqNJubA=="
        },
        "ahooks-v3-count": {
          "version": "1.0.0",
          "resolved": "https://registry.npmjs.org/ahooks-v3-count/-/ahooks-v3-count-1.0.0.tgz",
          "integrity": "sha512-V7uUvAwnimu6eh/PED4mCDjE7tokeZQLKlxg9lCTMPhN+NjsSbtdacByVlR1oluXQzD3MOw55wylDmQo4+S9ZQ=="
        },
        "dayjs": {
          "version": "1.11.2",
          "resolved": "https://registry.npmjs.org/dayjs/-/dayjs-1.11.2.tgz",
          "integrity": "sha512-F4LXf1OeU9hrSYRPTTj/6FbO4HTjPKXvEIC1P2kcnFurViINCVk3ZV0xAS3XVx9MkMsXbbqlK6hjseaYbgKEHw=="
        },
        "intersection-observer": {
          "version": "0.12.0",
          "resolved": "https://registry.npmjs.org/intersection-observer/-/intersection-observer-0.12.0.tgz",
          "integrity": "sha512-2Vkz8z46Dv401zTWudDGwO7KiGHNDkMv417T5ItcNYfmvHR/1qCTVBO9vwH8zZmQ0WkA/1ARwpysR9bsnop4NQ=="
        },
        "js-cookie": {
          "version": "2.2.1",
          "resolved": "https://registry.npmjs.org/js-cookie/-/js-cookie-2.2.1.tgz",
          "integrity": "sha512-HvdH2LzI/EAZcUwA8+0nKNtWHqS+ZmijLA30RwZA0bo7ToCckjK5MkGhjED9KoRcXO6BaGI3I9UIzSA1FKFPOQ=="
        },
        "lodash": {
          "version": "4.17.21",
          "resolved": "https://registry.npmjs.org/lodash/-/lodash-4.17.21.tgz",
          "integrity": "sha512-v2kDEe57lecTulaDIuNTPy3Ry4gLGJ6Z1O3vE1krgXZNrsQ+LFTGHVxVjcXPs17LhbZVGedAJv8XZ1tvj5FvSg=="
        },
        "resize-observer-polyfill": {
          "version": "1.5.1",
          "resolved": "https://registry.npmjs.org/resize-observer-polyfill/-/resize-observer-polyfill-1.5.1.tgz",
          "integrity": "sha512-LwZrotdHOo12nQuZlHEmtuXdqGoOD0OhaxopaNFxWzInpEgaLWoVuAMbTzixuosCx2nEG58ngzW3vxdWoxIgdg=="
        },
        "screenfull": {
          "version": "5.2.0",
          "resolved": "https://registry.npmjs.org/screenfull/-/screenfull-5.2.0.tgz",
          "integrity": "sha512-9BakfsO2aUQN2K9Fdbj87RJIEZ82Q9IGim7FqM5OsebfoFC6ZHXgDq/KvniuLTPdeM8wY2o6Dj3WQ7KeQCj3cA=="
        }
      }
    },
    "antd-mobile": {
      "version": "5.10.0",
      "requires": {
        "@floating-ui/dom": "^0.4.2",
        "@react-spring/web": "^9.4.4",
        "@types/big.js": "^6.1.3",
        "@types/react-is": "^17.0.3",
        "@types/resize-observer-browser": "^0.1.7",
        "@use-gesture/react": "^10.2.10",
        "ahooks": "^3.1.14",
        "antd-mobile-icons": "^0.2.2",
        "antd-mobile-v5-count": "^1.0.1",
        "big.js": "^6.1.1",
        "classnames": "^2.3.1",
        "dayjs": "^1.11.0",
        "lodash": "^4.17.21",
        "rc-field-form": "^1.24.0",
        "react-is": "^17.0.2",
        "staged-components": "^1.1.2",
        "tslib": "^2.3.1"
      },
      "dependencies": {
        "@babel/runtime": {
          "version": "7.18.3",
          "resolved": "https://registry.npmjs.org/@babel/runtime/-/runtime-7.18.3.tgz",
          "integrity": "sha512-38Y8f7YUhce/K7RMwTp7m0uCumpv9hZkitCbBClqQIow1qSbCvGkcegKOXpEWCQLfWmevgRiWokZ1GkpfhbZug==",
          "requires": {
            "regenerator-runtime": "^0.13.4"
          }
        },
        "@floating-ui/core": {
          "version": "0.6.2",
          "resolved": "https://registry.npmjs.org/@floating-ui/core/-/core-0.6.2.tgz",
          "integrity": "sha512-jktYRmZwmau63adUG3GKOAVCofBXkk55S/zQ94XOorAHhwqFIOFAy1rSp2N0Wp6/tGbe9V3u/ExlGZypyY17rg=="
        },
        "@floating-ui/dom": {
          "version": "0.4.5",
          "resolved": "https://registry.npmjs.org/@floating-ui/dom/-/dom-0.4.5.tgz",
          "integrity": "sha512-b+prvQgJt8pieaKYMSJBXHxX/DYwdLsAWxKYqnO5dO2V4oo/TYBZJAUQCVNjTWWsrs6o4VDrNcP9+E70HAhJdw==",
          "requires": {
            "@floating-ui/core": "^0.6.2"
          }
        },
        "@react-spring/animated": {
          "version": "9.4.5",
          "resolved": "https://registry.npmjs.org/@react-spring/animated/-/animated-9.4.5.tgz",
          "integrity": "sha512-KWqrtvJSMx6Fj9nMJkhTwM9r6LIriExDRV6YHZV9HKQsaolUFppgkOXpC+rsL1JEtEvKv6EkLLmSqHTnuYjiIA==",
          "requires": {
            "@react-spring/shared": "~9.4.5",
            "@react-spring/types": "~9.4.5"
          }
        },
        "@react-spring/core": {
          "version": "9.4.5",
          "resolved": "https://registry.npmjs.org/@react-spring/core/-/core-9.4.5.tgz",
          "integrity": "sha512-83u3FzfQmGMJFwZLAJSwF24/ZJctwUkWtyPD7KYtNagrFeQKUH1I05ZuhmCmqW+2w1KDW1SFWQ43RawqfXKiiQ==",
          "requires": {
            "@react-spring/animated": "~9.4.5",
            "@react-spring/rafz": "~9.4.5",
            "@react-spring/shared": "~9.4.5",
            "@react-spring/types": "~9.4.5"
          }
        },
        "@react-spring/rafz": {
          "version": "9.4.5",
          "resolved": "https://registry.npmjs.org/@react-spring/rafz/-/rafz-9.4.5.tgz",
          "integrity": "sha512-swGsutMwvnoyTRxvqhfJBtGM8Ipx6ks0RkIpNX9F/U7XmyPvBMGd3GgX/mqxZUpdlsuI1zr/jiYw+GXZxAlLcQ=="
        },
        "@react-spring/shared": {
          "version": "9.4.5",
          "resolved": "https://registry.npmjs.org/@react-spring/shared/-/shared-9.4.5.tgz",
          "integrity": "sha512-JhMh3nFKsqyag0KM5IIM8BQANGscTdd0mMv3BXsUiMZrcjQTskyfnv5qxEeGWbJGGar52qr5kHuBHtCjQOzniA==",
          "requires": {
            "@react-spring/rafz": "~9.4.5",
            "@react-spring/types": "~9.4.5"
          }
        },
        "@react-spring/types": {
          "version": "9.4.5",
          "resolved": "https://registry.npmjs.org/@react-spring/types/-/types-9.4.5.tgz",
          "integrity": "sha512-mpRIamoHwql0ogxEUh9yr4TP0xU5CWyZxVQeccGkHHF8kPMErtDXJlxyo0lj+telRF35XNihtPTWoflqtyARmg=="
        },
        "@react-spring/web": {
          "version": "9.4.5",
          "resolved": "https://registry.npmjs.org/@react-spring/web/-/web-9.4.5.tgz",
          "integrity": "sha512-NGAkOtKmOzDEctL7MzRlQGv24sRce++0xAY7KlcxmeVkR7LRSGkoXHaIfm9ObzxPMcPHQYQhf3+X9jepIFNHQA==",
          "requires": {
            "@react-spring/animated": "~9.4.5",
            "@react-spring/core": "~9.4.5",
            "@react-spring/shared": "~9.4.5",
            "@react-spring/types": "~9.4.5"
          }
        },
        "@types/big.js": {
          "version": "6.1.3",
          "resolved": "https://registry.npmjs.org/@types/big.js/-/big.js-6.1.3.tgz",
          "integrity": "sha512-fHh2h1cFlvGP0kFCqoAsnuQoM0n3xHB6HxgZvELt7dji+BtK/j938MRL0nG5AA45EgibuFcPjgLlkqfUPCyoKw=="
        },
        "@types/js-cookie": {
          "version": "2.2.7",
          "resolved": "https://registry.npmjs.org/@types/js-cookie/-/js-cookie-2.2.7.tgz",
          "integrity": "sha512-aLkWa0C0vO5b4Sr798E26QgOkss68Un0bLjs7u9qxzPT5CG+8DuNTffWES58YzJs3hrVAOs1wonycqEBqNJubA=="
        },
        "@types/prop-types": {
          "version": "15.7.5",
          "resolved": "https://registry.npmjs.org/@types/prop-types/-/prop-types-15.7.5.tgz",
          "integrity": "sha512-JCB8C6SnDoQf0cNycqd/35A7MjcnK+ZTqE7judS6o7utxUCg6imJg3QK2qzHKszlTjcj2cn+NwMB2i96ubpj7w=="
        },
        "@types/react": {
          "version": "18.0.9",
          "resolved": "https://registry.npmjs.org/@types/react/-/react-18.0.9.tgz",
          "integrity": "sha512-9bjbg1hJHUm4De19L1cHiW0Jvx3geel6Qczhjd0qY5VKVE2X5+x77YxAepuCwVh4vrgZJdgEJw48zrhRIeF4Nw==",
          "requires": {
            "@types/prop-types": "*",
            "@types/scheduler": "*",
            "csstype": "^3.0.2"
          }
        },
        "@types/react-is": {
          "version": "17.0.3",
          "resolved": "https://registry.npmjs.org/@types/react-is/-/react-is-17.0.3.tgz",
          "integrity": "sha512-aBTIWg1emtu95bLTLx0cpkxwGW3ueZv71nE2YFBpL8k/z5czEW8yYpOo8Dp+UUAFAtKwNaOsh/ioSeQnWlZcfw==",
          "requires": {
            "@types/react": "*"
          }
        },
        "@types/resize-observer-browser": {
          "version": "0.1.7",
          "resolved": "https://registry.npmjs.org/@types/resize-observer-browser/-/resize-observer-browser-0.1.7.tgz",
          "integrity": "sha512-G9eN0Sn0ii9PWQ3Vl72jDPgeJwRWhv2Qk/nQkJuWmRmOB4HX3/BhD5SE1dZs/hzPZL/WKnvF0RHdTSG54QJFyg=="
        },
        "@types/scheduler": {
          "version": "0.16.2",
          "resolved": "https://registry.npmjs.org/@types/scheduler/-/scheduler-0.16.2.tgz",
          "integrity": "sha512-hppQEBDmlwhFAXKJX2KnWLYu5yMfi91yazPb2l+lbJiwW+wdo1gNeRA+3RgNSO39WYX2euey41KEwnqesU2Jew=="
        },
        "@use-gesture/core": {
          "version": "10.2.15",
          "resolved": "https://registry.npmjs.org/@use-gesture/core/-/core-10.2.15.tgz",
          "integrity": "sha512-R8k5GHKR6J3n48K1xiWCBSnTsxmfiVCp+MYPMhFaoHT1/oIjrFA6SeMmWDl0REwP/CpBfNdQ0FwOo/0dGjPhwA=="
        },
        "@use-gesture/react": {
          "version": "10.2.15",
          "resolved": "https://registry.npmjs.org/@use-gesture/react/-/react-10.2.15.tgz",
          "integrity": "sha512-Hdfp17a3iHDo33jasd8GIPlIjM4wxNzn1O9apNX2VrF7X2ewzXp4wCCQ4aPqsnyvBA1WhR8KHMrBS/XWQZxTHQ==",
          "requires": {
            "@use-gesture/core": "10.2.15"
          }
        },
        "ahooks": {
          "version": "3.4.0",
          "resolved": "https://registry.npmjs.org/ahooks/-/ahooks-3.4.0.tgz",
          "integrity": "sha512-9+13B0YFyBtG2zFkdT6uJ6A9n5J+MpIPaFJ7Q3evidcJ/59Qyn0zI1wXS8x1whcBAUTLPm9j+QbuwrjxctoivQ==",
          "requires": {
            "@types/js-cookie": "^2.x.x",
            "ahooks-v3-count": "^1.0.0",
            "dayjs": "^1.9.1",
            "intersection-observer": "^0.12.0",
            "js-cookie": "^2.x.x",
            "lodash": "^4.17.21",
            "resize-observer-polyfill": "^1.5.1",
            "screenfull": "^5.0.0"
          }
        },
        "ahooks-v3-count": {
          "version": "1.0.0",
          "resolved": "https://registry.npmjs.org/ahooks-v3-count/-/ahooks-v3-count-1.0.0.tgz",
          "integrity": "sha512-V7uUvAwnimu6eh/PED4mCDjE7tokeZQLKlxg9lCTMPhN+NjsSbtdacByVlR1oluXQzD3MOw55wylDmQo4+S9ZQ=="
        },
        "antd-mobile-icons": {
          "version": "0.2.2",
          "resolved": "https://registry.npmjs.org/antd-mobile-icons/-/antd-mobile-icons-0.2.2.tgz",
          "integrity": "sha512-iquIc7EsQTndk5nMv9pQQv+/OY5YnjVIPhtCFo7W7JL+Gjqzq/YJ/HO2WxUxyCgYha2NsTTNAb2vPa/M4zAi2g=="
        },
        "antd-mobile-v5-count": {
          "version": "1.0.1",
          "resolved": "https://registry.npmjs.org/antd-mobile-v5-count/-/antd-mobile-v5-count-1.0.1.tgz",
          "integrity": "sha512-YGsiEDCPUDz3SzfXi6gLZn/HpeSMW+jgPc4qiYUr1fSopg3hkUie2TnooJdExgfiETHefH3Ggs58He0OVfegLA=="
        },
        "async-validator": {
          "version": "4.1.1",
          "resolved": "https://registry.npmjs.org/async-validator/-/async-validator-4.1.1.tgz",
          "integrity": "sha512-p4DO/JXwjs8klJyJL8Q2oM4ks5fUTze/h5k10oPPKMiLe1fj3G1QMzPHNmN1Py4ycOk7WlO2DcGXv1qiESJCZA=="
        },
        "big.js": {
          "version": "6.1.1",
          "resolved": "https://registry.npmjs.org/big.js/-/big.js-6.1.1.tgz",
          "integrity": "sha512-1vObw81a8ylZO5ePrtMay0n018TcftpTA5HFKDaSuiUDBo8biRBtjIobw60OpwuvrGk+FsxKamqN4cnmj/eXdg=="
        },
        "classnames": {
          "version": "2.3.1",
          "resolved": "https://registry.npmjs.org/classnames/-/classnames-2.3.1.tgz",
          "integrity": "sha512-OlQdbZ7gLfGarSqxesMesDa5uz7KFbID8Kpq/SxIoNGDqY8lSYs0D+hhtBXhcdB3rcbXArFr7vlHheLk1voeNA=="
        },
        "csstype": {
          "version": "3.1.0",
          "resolved": "https://registry.npmjs.org/csstype/-/csstype-3.1.0.tgz",
          "integrity": "sha512-uX1KG+x9h5hIJsaKR9xHUeUraxf8IODOwq9JLNPq6BwB04a/xgpq3rcx47l5BZu5zBPlgD342tdke3Hom/nJRA=="
        },
        "dayjs": {
          "version": "1.11.2",
          "resolved": "https://registry.npmjs.org/dayjs/-/dayjs-1.11.2.tgz",
          "integrity": "sha512-F4LXf1OeU9hrSYRPTTj/6FbO4HTjPKXvEIC1P2kcnFurViINCVk3ZV0xAS3XVx9MkMsXbbqlK6hjseaYbgKEHw=="
        },
        "intersection-observer": {
          "version": "0.12.0",
          "resolved": "https://registry.npmjs.org/intersection-observer/-/intersection-observer-0.12.0.tgz",
          "integrity": "sha512-2Vkz8z46Dv401zTWudDGwO7KiGHNDkMv417T5ItcNYfmvHR/1qCTVBO9vwH8zZmQ0WkA/1ARwpysR9bsnop4NQ=="
        },
        "js-cookie": {
          "version": "2.2.1",
          "resolved": "https://registry.npmjs.org/js-cookie/-/js-cookie-2.2.1.tgz",
          "integrity": "sha512-HvdH2LzI/EAZcUwA8+0nKNtWHqS+ZmijLA30RwZA0bo7ToCckjK5MkGhjED9KoRcXO6BaGI3I9UIzSA1FKFPOQ=="
        },
        "lodash": {
          "version": "4.17.21",
          "resolved": "https://registry.npmjs.org/lodash/-/lodash-4.17.21.tgz",
          "integrity": "sha512-v2kDEe57lecTulaDIuNTPy3Ry4gLGJ6Z1O3vE1krgXZNrsQ+LFTGHVxVjcXPs17LhbZVGedAJv8XZ1tvj5FvSg=="
        },
        "rc-field-form": {
          "version": "1.26.6",
          "resolved": "https://registry.npmjs.org/rc-field-form/-/rc-field-form-1.26.6.tgz",
          "integrity": "sha512-N7nx/9Zk3innxZWTa4GPUV3j78OCgXacl2Lgi6agmP7ziz6BHoZYZ1djOt5UW50kK7UoVMAPtue5I1XgQO24MA==",
          "requires": {
            "@babel/runtime": "^7.18.0",
            "async-validator": "^4.1.0",
            "rc-util": "^5.8.0"
          }
        },
        "rc-util": {
          "version": "5.21.5",
          "resolved": "https://registry.npmjs.org/rc-util/-/rc-util-5.21.5.tgz",
          "integrity": "sha512-ip7HqX37Cy/RDl9MlrFp+FbcKnsWZ22sF5MS5eSpYLtg5MpC0TMqGb5ukBatoOhgjnLL+eJGR6e7YAJ/dhK09A==",
          "requires": {
            "@babel/runtime": "^7.18.3",
            "react-is": "^16.12.0",
            "shallowequal": "^1.1.0"
          },
          "dependencies": {
            "react-is": {
              "version": "16.13.1",
              "resolved": "https://registry.npmjs.org/react-is/-/react-is-16.13.1.tgz",
              "integrity": "sha512-24e6ynE2H+OKt4kqsOvNd8kBpV65zoxbA4BVsEOB3ARVWQki/DHzaUoC5KuON/BiccDaCCTZBuOcfZs70kR8bQ=="
            }
          }
        },
        "react-is": {
          "version": "17.0.2",
          "resolved": "https://registry.npmjs.org/react-is/-/react-is-17.0.2.tgz",
          "integrity": "sha512-w2GsyukL62IJnlaff/nRegPQR94C/XXamvMWmSHRJ4y7Ts/4ocGRmTHvOs8PSE6pB3dWOrD/nueuU5sduBsQ4w=="
        },
        "regenerator-runtime": {
          "version": "0.13.9",
          "resolved": "https://registry.npmjs.org/regenerator-runtime/-/regenerator-runtime-0.13.9.tgz",
          "integrity": "sha512-p3VT+cOEgxFsRRA9X4lkI1E+k2/CtnKtU4gcxyaCUreilL/vqI6CdZ3wxVUx3UOUg+gnUOQQcRI7BmSI656MYA=="
        },
        "resize-observer-polyfill": {
          "version": "1.5.1",
          "resolved": "https://registry.npmjs.org/resize-observer-polyfill/-/resize-observer-polyfill-1.5.1.tgz",
          "integrity": "sha512-LwZrotdHOo12nQuZlHEmtuXdqGoOD0OhaxopaNFxWzInpEgaLWoVuAMbTzixuosCx2nEG58ngzW3vxdWoxIgdg=="
        },
        "screenfull": {
          "version": "5.2.0",
          "resolved": "https://registry.npmjs.org/screenfull/-/screenfull-5.2.0.tgz",
          "integrity": "sha512-9BakfsO2aUQN2K9Fdbj87RJIEZ82Q9IGim7FqM5OsebfoFC6ZHXgDq/KvniuLTPdeM8wY2o6Dj3WQ7KeQCj3cA=="
        },
        "shallowequal": {
          "version": "1.1.0",
          "resolved": "https://registry.npmjs.org/shallowequal/-/shallowequal-1.1.0.tgz",
          "integrity": "sha512-y0m1JoUZSlPAjXVtPPW70aZWfIL/dSP7AFkRnniLCrK/8MDKog3TySTBmckD+RObVxH0v4Tox67+F14PdED2oQ=="
        },
        "staged-components": {
          "version": "1.1.3",
          "resolved": "https://registry.npmjs.org/staged-components/-/staged-components-1.1.3.tgz",
          "integrity": "sha512-9EIswzDqjwlEu+ymkV09TTlJfzSbKgEnNteUnZSTxkpMgr5Wx2CzzA9WcMFWBNCldqVPsHVnRGGrApduq2Se5A=="
        },
        "tslib": {
          "version": "2.4.0",
          "resolved": "https://registry.npmjs.org/tslib/-/tslib-2.4.0.tgz",
          "integrity": "sha512-d6xOpEDfsi2CZVlPQzGeux8XMwLT9hssAsaPYExaQMuYskwb+x1x7J371tWlbBdWHroy99KnVB6qIkUbs5X3UQ=="
        }
      }
    },
    "cross-env": {
      "version": "7.0.3",
      "resolved": "https://registry.npmjs.org/cross-env/-/cross-env-7.0.3.tgz",
      "integrity": "sha512-+/HKd6EgcQCJGh2PSjZuUitQBQynKor4wrFbRg4DtAgS1aWO+gU52xpH7M9ScGgXSYmAVS9bIJ8EzuaGw0oNAw==",
      "requires": {
        "cross-spawn": "^7.0.1"
      }
    },
    "cross-spawn": {
      "version": "7.0.3",
      "resolved": "https://registry.npmjs.org/cross-spawn/-/cross-spawn-7.0.3.tgz",
      "integrity": "sha512-iRDPJKUPVEND7dHPO8rkbOnPpyDygcDFtWjpeWNCgy8WP2rXcxXL8TskReQl6OrB2G7+UJrags1q15Fudc7G6w==",
      "requires": {
        "path-key": "^3.1.0",
        "shebang-command": "^2.0.0",
        "which": "^2.0.1"
      }
    },
    "isexe": {
      "version": "2.0.0",
      "resolved": "https://registry.npmjs.org/isexe/-/isexe-2.0.0.tgz",
      "integrity": "sha1-6PvzdNxVb/iUehDcsFctYz8s+hA="
    },
    "path-key": {
      "version": "3.1.1",
      "resolved": "https://registry.npmjs.org/path-key/-/path-key-3.1.1.tgz",
      "integrity": "sha512-ojmeN0qd+y0jszEtoY48r0Peq5dwMEkIlCOu6Q5f41lfkswXuKtYrhgoTpLnyIcHm24Uhqx+5Tqm2InSwLhE6Q=="
    },
    "shebang-command": {
      "version": "2.0.0",
      "resolved": "https://registry.npmjs.org/shebang-command/-/shebang-command-2.0.0.tgz",
      "integrity": "sha512-kHxr2zZpYtdmrN1qDjrrX/Z1rR1kG8Dx+gkpK1G4eXmvXswmcE1hTWBWYUzlraYw1/yZp6YuDY77YtvbN0dmDA==",
      "requires": {
        "shebang-regex": "^3.0.0"
      }
    },
    "shebang-regex": {
      "version": "3.0.0",
      "resolved": "https://registry.npmjs.org/shebang-regex/-/shebang-regex-3.0.0.tgz",
      "integrity": "sha512-7++dFhtcx3353uBaq8DDR4NuxBetBzC7ZQOhmTQInHEd6bSrXdiEyzCvG07Z44UYdLShWUyXt5M/yhz8ekcb1A=="
    },
    "which": {
      "version": "2.0.2",
      "resolved": "https://registry.npmjs.org/which/-/which-2.0.2.tgz",
      "integrity": "sha512-BLI3Tl1TW3Pvl70l3yq3Y64i+awpwXqsGBYWkkqMtnbXgrMD+yj7rhW0kuEDxzJaYXGjEW5ogapKNMEKNMjibA==",
      "requires": {
        "isexe": "^2.0.0"
      }
    }
  }
}
