# THIS IS AN AUTOGENERATED FILE. DO NOT EDIT THIS FILE DIRECTLY.
# yarn lockfile v1


decode-uri-component@^0.2.0:
  version "0.2.0"
  resolved "https://registry.yarnpkg.com/decode-uri-component/-/decode-uri-component-0.2.0.tgz#eb3913333458775cb84cd1a1fae062106bb87545"

query-string@^6.0.0:
  version "6.4.2"
  resolved "https://registry.yarnpkg.com/query-string/-/query-string-6.4.2.tgz#8be1dbd105306aebf86022144f575a29d516b713"
  dependencies:
    decode-uri-component "^0.2.0"
    split-on-first "^1.0.0"
    strict-uri-encode "^2.0.0"

split-on-first@^1.0.0:
  version "1.0.0"
  resolved "https://registry.yarnpkg.com/split-on-first/-/split-on-first-1.0.0.tgz#648af4ce9a28fbcaadd43274455f298b55025fc6"

strict-uri-encode@^2.0.0:
  version "2.0.0"
  resolved "https://registry.yarnpkg.com/strict-uri-encode/-/strict-uri-encode-2.0.0.tgz#b9c7330c7042862f6b142dc274bbcc5866ce3546"

umi-request@^1.0.6:
  version "1.0.6"
  resolved "https://registry.yarnpkg.com/umi-request/-/umi-request-1.0.6.tgz#18d7cacaf402a7dfee646ac7808bf5caf7f2604f"
  dependencies:
    query-string "^6.0.0"
    whatwg-fetch "^2.0.0"

whatwg-fetch@^2.0.0:
  version "2.0.4"
  resolved "https://registry.yarnpkg.com/whatwg-fetch/-/whatwg-fetch-2.0.4.tgz#dde6a5df315f9d39991aa17621853d720b85566f"
