# THIS IS AN AUTOGENERATED FILE. DO NOT EDIT THIS FILE DIRECTLY.
# yarn lockfile v1


assert@^1.4.1:
  version "1.4.1"
  resolved "https://registry.yarnpkg.com/assert/-/assert-1.4.1.tgz#99912d591836b5a6f5b345c0f07eefc08fc65d91"
  dependencies:
    util "0.10.3"

inherits@2.0.1:
  version "2.0.1"
  resolved "https://registry.yarnpkg.com/inherits/-/inherits-2.0.1.tgz#b17d08d326b4423e568eff719f91b0b1cbdf69f1"

lodash@^4.17.11:
  version "4.17.11"
  resolved "https://registry.yarnpkg.com/lodash/-/lodash-4.17.11.tgz#b39ea6229ef607ecd89e2c8df12536891cac9b8d"

umi-plugin-authorize@1.0.1:
  version "1.0.1"
  resolved "https://registry.yarnpkg.com/umi-plugin-authorize/-/umi-plugin-authorize-1.0.1.tgz#561a63b2683c6f64d17bd609d016cf19283ffacb"
  dependencies:
    assert "^1.4.1"

umi-plugin-menus@^0.2.2:
  version "0.2.2"
  resolved "https://registry.yarnpkg.com/umi-plugin-menus/-/umi-plugin-menus-0.2.2.tgz#91c2dca7cac883a2ab1055c1e0b98543a5abda6d"
  dependencies:
    lodash "^4.17.11"

util@0.10.3:
  version "0.10.3"
  resolved "https://registry.yarnpkg.com/util/-/util-0.10.3.tgz#7afb1afe50805246489e3db7fe0ed379336ac0f9"
  dependencies:
    inherits "2.0.1"
