# THIS IS AN AUTOGENERATED FILE. DO NOT EDIT THIS FILE DIRECTLY.
# yarn lockfile v1


confusing-browser-globals@^1.0.6:
  version "1.0.6"
  resolved "https://registry.yarnpkg.com/confusing-browser-globals/-/confusing-browser-globals-1.0.6.tgz#5918188e8244492cdd46d6be1cab60edef3063ce"

eslint-config-react-app@3.0.8:
  version "3.0.8"
  resolved "https://registry.yarnpkg.com/eslint-config-react-app/-/eslint-config-react-app-3.0.8.tgz#6f606828ba30bafee7d744c41cd07a3fea8f3035"
  dependencies:
    confusing-browser-globals "^1.0.6"

eslint-config-umi@1.4.2:
  version "1.4.2"
  resolved "https://registry.yarnpkg.com/eslint-config-umi/-/eslint-config-umi-1.4.2.tgz#ce6d63e437a9f8ae5089a80706a80dc13ad609cf"
  dependencies:
    eslint-config-react-app "3.0.8"
